Microsoft Visual Studio Solution File, Format Version 12.00
# Visual Studio Version 17
VisualStudioVersion = 17.5.2.0
MinimumVisualStudioVersion = 10.0.40219.1
Project("{FAE04EC0-301F-11D3-BF4B-00C04F79EFBC}") = "TaskManagementSystem", "backend\TaskManagementSystem.csproj", "{D75AE1D0-7CCE-7AE2-25F4-D05E36507DAB}"
EndProject
Global
	GlobalSection(SolutionConfigurationPlatforms) = preSolution
		Debug|Any CPU = Debug|Any CPU
		Release|Any CPU = Release|Any CPU
	EndGlobalSection
	GlobalSection(ProjectConfigurationPlatforms) = postSolution
		{D75AE1D0-7CCE-7AE2-25F4-D05E36507DAB}.Debug|Any CPU.ActiveCfg = Debug|Any CPU
		{D75AE1D0-7CCE-7AE2-25F4-D05E36507DAB}.Debug|Any CPU.Build.0 = Debug|Any CPU
		{D75AE1D0-7CCE-7AE2-25F4-D05E36507DAB}.Release|Any CPU.ActiveCfg = Release|Any CPU
		{D75AE1D0-7CCE-7AE2-25F4-D05E36507DAB}.Release|Any CPU.Build.0 = Release|Any CPU
	EndGlobalSection
	GlobalSection(SolutionProperties) = preSolution
		HideSolutionNode = FALSE
	EndGlobalSection
	GlobalSection(ExtensibilityGlobals) = postSolution
		SolutionGuid = {89A68F93-0D4A-433B-9E97-FAE5CEB5C3D8}
	EndGlobalSection
EndGlobal
